
Microsoft Visual Studio Solution File, Format Version 12.00
# Visual Studio Version 16
VisualStudioVersion = 16.0.30002.166
MinimumVisualStudioVersion = 10.0.40219.1
Project("{FAE04EC0-301F-11D3-BF4B-00C04F79EFBC}") = "IOCDemo", "IOCDemo\IOCDemo.csproj", "{68B0B060-0084-4F7A-A1DA-B32408AFB7FF}"
EndProject
Project("{FAE04EC0-301F-11D3-BF4B-00C04F79EFBC}") = "BLL", "BLL\BLL.csproj", "{74F95149-0841-466B-8A13-E93D3805E43F}"
EndProject
Project("{FAE04EC0-301F-11D3-BF4B-00C04F79EFBC}") = "Service", "Service\Service.csproj", "{D3B8910D-EA58-4711-BF7A-254148E6507A}"
EndProject
Project("{FAE04EC0-301F-11D3-BF4B-00C04F79EFBC}") = "WebApplication1", "WebApplication1\WebApplication1.csproj", "{4EA4B471-4D4B-4033-921F-9A46220B537A}"
EndProject
Global
	GlobalSection(SolutionConfigurationPlatforms) = preSolution
		Debug|Any CPU = Debug|Any CPU
		Release|Any CPU = Release|Any CPU
	EndGlobalSection
	GlobalSection(ProjectConfigurationPlatforms) = postSolution
		{68B0B060-0084-4F7A-A1DA-B32408AFB7FF}.Debug|Any CPU.ActiveCfg = Debug|Any CPU
		{68B0B060-0084-4F7A-A1DA-B32408AFB7FF}.Debug|Any CPU.Build.0 = Debug|Any CPU
		{68B0B060-0084-4F7A-A1DA-B32408AFB7FF}.Release|Any CPU.ActiveCfg = Release|Any CPU
		{68B0B060-0084-4F7A-A1DA-B32408AFB7FF}.Release|Any CPU.Build.0 = Release|Any CPU
		{74F95149-0841-466B-8A13-E93D3805E43F}.Debug|Any CPU.ActiveCfg = Debug|Any CPU
		{74F95149-0841-466B-8A13-E93D3805E43F}.Debug|Any CPU.Build.0 = Debug|Any CPU
		{74F95149-0841-466B-8A13-E93D3805E43F}.Release|Any CPU.ActiveCfg = Release|Any CPU
		{74F95149-0841-466B-8A13-E93D3805E43F}.Release|Any CPU.Build.0 = Release|Any CPU
		{D3B8910D-EA58-4711-BF7A-254148E6507A}.Debug|Any CPU.ActiveCfg = Debug|Any CPU
		{D3B8910D-EA58-4711-BF7A-254148E6507A}.Debug|Any CPU.Build.0 = Debug|Any CPU
		{D3B8910D-EA58-4711-BF7A-254148E6507A}.Release|Any CPU.ActiveCfg = Release|Any CPU
		{D3B8910D-EA58-4711-BF7A-254148E6507A}.Release|Any CPU.Build.0 = Release|Any CPU
		{4EA4B471-4D4B-4033-921F-9A46220B537A}.Debug|Any CPU.ActiveCfg = Debug|Any CPU
		{4EA4B471-4D4B-4033-921F-9A46220B537A}.Debug|Any CPU.Build.0 = Debug|Any CPU
		{4EA4B471-4D4B-4033-921F-9A46220B537A}.Release|Any CPU.ActiveCfg = Release|Any CPU
		{4EA4B471-4D4B-4033-921F-9A46220B537A}.Release|Any CPU.Build.0 = Release|Any CPU
	EndGlobalSection
	GlobalSection(SolutionProperties) = preSolution
		HideSolutionNode = FALSE
	EndGlobalSection
	GlobalSection(ExtensibilityGlobals) = postSolution
		SolutionGuid = {692302CF-391D-4CFB-8C34-4036A2FA1F7B}
	EndGlobalSection
EndGlobal
