
Microsoft Visual Studio Solution File, Format Version 12.00
# Visual Studio Version 16
VisualStudioVersion = 16.0.30002.166
MinimumVisualStudioVersion = 10.0.40219.1
Project("{FAE04EC0-301F-11D3-BF4B-00C04F79EFBC}") = "AspNetCoreDemo", "AspNetCoreDemo\AspNetCoreDemo.csproj", "{41551ABD-F9D7-428E-BC42-D1C1A5172CD5}"
EndProject
Project("{FAE04EC0-301F-11D3-BF4B-00C04F79EFBC}") = "WebApplication1", "WebApplication1\WebApplication1.csproj", "{41A9AB89-140C-4CC2-80A5-ECED62A037FE}"
EndProject
Global
	GlobalSection(SolutionConfigurationPlatforms) = preSolution
		Debug|Any CPU = Debug|Any CPU
		Release|Any CPU = Release|Any CPU
	EndGlobalSection
	GlobalSection(ProjectConfigurationPlatforms) = postSolution
		{41551ABD-F9D7-428E-BC42-D1C1A5172CD5}.Debug|Any CPU.ActiveCfg = Debug|Any CPU
		{41551ABD-F9D7-428E-BC42-D1C1A5172CD5}.Debug|Any CPU.Build.0 = Debug|Any CPU
		{41551ABD-F9D7-428E-BC42-D1C1A5172CD5}.Release|Any CPU.ActiveCfg = Release|Any CPU
		{41551ABD-F9D7-428E-BC42-D1C1A5172CD5}.Release|Any CPU.Build.0 = Release|Any CPU
		{41A9AB89-140C-4CC2-80A5-ECED62A037FE}.Debug|Any CPU.ActiveCfg = Debug|Any CPU
		{41A9AB89-140C-4CC2-80A5-ECED62A037FE}.Debug|Any CPU.Build.0 = Debug|Any CPU
		{41A9AB89-140C-4CC2-80A5-ECED62A037FE}.Release|Any CPU.ActiveCfg = Release|Any CPU
		{41A9AB89-140C-4CC2-80A5-ECED62A037FE}.Release|Any CPU.Build.0 = Release|Any CPU
	EndGlobalSection
	GlobalSection(SolutionProperties) = preSolution
		HideSolutionNode = FALSE
	EndGlobalSection
	GlobalSection(ExtensibilityGlobals) = postSolution
		SolutionGuid = {D38A9716-3C31-4B37-8063-E18FAFE0EDF1}
	EndGlobalSection
EndGlobal
