
Microsoft Visual Studio Solution File, Format Version 12.00
# Visual Studio Version 16
VisualStudioVersion = 16.0.29920.165
MinimumVisualStudioVersion = 10.0.40219.1
Project("{2150E333-8FDC-42A3-9474-1A3956D46DE8}") = "01-Tools(工具层)", "01-Tools(工具层)", "{FD8BACEB-C7AF-4141-B862-2ED5AF9F069A}"
EndProject
Project("{FAE04EC0-301F-11D3-BF4B-00C04F79EFBC}") = "Caist.Framework.Service", "Caist.Framework.Service\Caist.Framework.Service.csproj", "{C5773098-34E1-4458-ABDB-FD856AC33150}"
EndProject
Project("{2150E333-8FDC-42A3-9474-1A3956D46DE8}") = "03-DataAccess(数据层)", "03-DataAccess(数据层)", "{13780DCC-423E-432F-B2EB-89EA7BCF22DA}"
EndProject
Project("{FAE04EC0-301F-11D3-BF4B-00C04F79EFBC}") = "Caist.Framework.PLC", "Caist.Framework.PLC\Caist.Framework.PLC.csproj", "{CEF12833-7919-4A18-9285-7E9E00EA509A}"
EndProject
Project("{FAE04EC0-301F-11D3-BF4B-00C04F79EFBC}") = "Caist.Framework.ThreadPool", "Caist.Framework.ThreadPool\Caist.Framework.ThreadPool.csproj", "{EF33BFDD-D536-4A41-8D8D-86CD1C89CB0A}"
EndProject
Project("{2150E333-8FDC-42A3-9474-1A3956D46DE8}") = "02-Business(业务层)", "02-Business(业务层)", "{C98BD67D-FEC1-416C-9A96-3A9C9437CDD3}"
EndProject
Project("{FAE04EC0-301F-11D3-BF4B-00C04F79EFBC}") = "Caist.Framework.DataAccess", "Caist.Framework.DataAccess\Caist.Framework.DataAccess.csproj", "{0DA701DC-48E9-4CA5-B0EB-3B068F2256E7}"
EndProject
Project("{FAE04EC0-301F-11D3-BF4B-00C04F79EFBC}") = "Caist.Framework.Entity", "Caist.Framework.Entity\Caist.Framework.Entity.csproj", "{6BC0FCEB-56F5-404F-BE7C-5E1A374B5ACC}"
EndProject
Project("{FAE04EC0-301F-11D3-BF4B-00C04F79EFBC}") = "Caist.Framework.WebSocket", "Caist.Framework.WebSocket\Caist.Framework.WebSocket.csproj", "{1C3875B1-0639-4A0F-9CEA-3E35621B59CB}"
EndProject
Project("{9A19103F-16F7-4668-BE54-9A1E7A4F7556}") = "Caist.Framework.IdGenerator", "Caist.Framework.IdGenerator\Caist.Framework.IdGenerator.csproj", "{9253DAA6-0DA1-40CC-820F-85479F2DE8A3}"
EndProject
Project("{9A19103F-16F7-4668-BE54-9A1E7A4F7556}") = "Caist.Framework.Util", "Caist.Framework.Util\Caist.Framework.Util.csproj", "{09457767-DD6C-43CE-8460-946CC2E71021}"
EndProject
Project("{FAE04EC0-301F-11D3-BF4B-00C04F79EFBC}") = "Caist.Framework.Business", "Caist.Framework.Business\Caist.Framework.Business.csproj", "{ADC99257-2401-4857-8C2E-982D58ED78F5}"
EndProject
Project("{2150E333-8FDC-42A3-9474-1A3956D46DE8}") = "SyncDataTable", "SyncDataTable", "{11EEBDB9-5ECC-4712-9AAA-E35C999C3122}"
EndProject
Project("{FAE04EC0-301F-11D3-BF4B-00C04F79EFBC}") = "SyncCommon", "Caist.Framework.Sync\SyncCommon\SyncCommon.csproj", "{287960B3-43E3-4450-8DBE-EED08ABF2963}"
EndProject
Project("{FAE04EC0-301F-11D3-BF4B-00C04F79EFBC}") = "SyncHelper", "Caist.Framework.Sync\SyncHelper\SyncHelper.csproj", "{B8908B7A-56CE-418C-88DD-A006C1FE3BC9}"
EndProject
Project("{FAE04EC0-301F-11D3-BF4B-00C04F79EFBC}") = "SyncLogic", "Caist.Framework.Sync\SyncLogic\SyncLogic.csproj", "{C799FA1F-50F3-4973-ACE6-EF612ABC6CDD}"
EndProject
Project("{FAE04EC0-301F-11D3-BF4B-00C04F79EFBC}") = "SyncModel", "Caist.Framework.Sync\SyncModel\SyncModel.csproj", "{BC2EE129-80B5-4329-9854-F2203EB93502}"
EndProject
Project("{FAE04EC0-301F-11D3-BF4B-00C04F79EFBC}") = "SyncUtil", "Caist.Framework.Sync\SyncUtil\SyncUtil.csproj", "{74CB20A4-A37D-45B1-990F-37A66F3F2A1A}"
EndProject
Project("{FAE04EC0-301F-11D3-BF4B-00C04F79EFBC}") = "SyncFiles", "SyncFiles\SyncFiles.csproj", "{9B6B52E5-3C62-44A4-986E-1BAC6C9A7059}"
EndProject
Project("{FAE04EC0-301F-11D3-BF4B-00C04F79EFBC}") = "Caist.Siemens", "Caist.Siemens\Caist.Siemens\Caist.Siemens.csproj", "{DA70273B-908A-4067-A801-18B1C0C7F2D3}"
EndProject
Project("{FAE04EC0-301F-11D3-BF4B-00C04F79EFBC}") = "Caist.Framework.M2MQTT", "Caist.Framework.M2MQTT\Caist.Framework.M2MQTT.csproj", "{B5BC0E0E-2945-474D-81B6-02B1F0807348}"
EndProject
Project("{FAE04EC0-301F-11D3-BF4B-00C04F79EFBC}") = "Caist.Framework.MqttTool", "Caist.Framework.MqttTool\Caist.Framework.MqttTool.csproj", "{CBC7DD93-834F-406C-8249-5AAEF612C343}"
EndProject
Project("{FAE04EC0-301F-11D3-BF4B-00C04F79EFBC}") = "Caist.Framework.Video", "Caist.Framework.Video\Caist.Framework.Video.csproj", "{7D4DC9ED-3C64-4A58-AE1B-E28B449BDAE5}"
EndProject
Global
	GlobalSection(SolutionConfigurationPlatforms) = preSolution
		Debug|Any CPU = Debug|Any CPU
		Release|Any CPU = Release|Any CPU
	EndGlobalSection
	GlobalSection(ProjectConfigurationPlatforms) = postSolution
		{C5773098-34E1-4458-ABDB-FD856AC33150}.Debug|Any CPU.ActiveCfg = Debug|Any CPU
		{C5773098-34E1-4458-ABDB-FD856AC33150}.Debug|Any CPU.Build.0 = Debug|Any CPU
		{C5773098-34E1-4458-ABDB-FD856AC33150}.Release|Any CPU.ActiveCfg = Release|Any CPU
		{C5773098-34E1-4458-ABDB-FD856AC33150}.Release|Any CPU.Build.0 = Release|Any CPU
		{CEF12833-7919-4A18-9285-7E9E00EA509A}.Debug|Any CPU.ActiveCfg = Debug|Any CPU
		{CEF12833-7919-4A18-9285-7E9E00EA509A}.Debug|Any CPU.Build.0 = Debug|Any CPU
		{CEF12833-7919-4A18-9285-7E9E00EA509A}.Release|Any CPU.ActiveCfg = Release|Any CPU
		{CEF12833-7919-4A18-9285-7E9E00EA509A}.Release|Any CPU.Build.0 = Release|Any CPU
		{EF33BFDD-D536-4A41-8D8D-86CD1C89CB0A}.Debug|Any CPU.ActiveCfg = Debug|Any CPU
		{EF33BFDD-D536-4A41-8D8D-86CD1C89CB0A}.Debug|Any CPU.Build.0 = Debug|Any CPU
		{EF33BFDD-D536-4A41-8D8D-86CD1C89CB0A}.Release|Any CPU.ActiveCfg = Release|Any CPU
		{EF33BFDD-D536-4A41-8D8D-86CD1C89CB0A}.Release|Any CPU.Build.0 = Release|Any CPU
		{0DA701DC-48E9-4CA5-B0EB-3B068F2256E7}.Debug|Any CPU.ActiveCfg = Debug|Any CPU
		{0DA701DC-48E9-4CA5-B0EB-3B068F2256E7}.Debug|Any CPU.Build.0 = Debug|Any CPU
		{0DA701DC-48E9-4CA5-B0EB-3B068F2256E7}.Release|Any CPU.ActiveCfg = Release|Any CPU
		{0DA701DC-48E9-4CA5-B0EB-3B068F2256E7}.Release|Any CPU.Build.0 = Release|Any CPU
		{6BC0FCEB-56F5-404F-BE7C-5E1A374B5ACC}.Debug|Any CPU.ActiveCfg = Debug|Any CPU
		{6BC0FCEB-56F5-404F-BE7C-5E1A374B5ACC}.Debug|Any CPU.Build.0 = Debug|Any CPU
		{6BC0FCEB-56F5-404F-BE7C-5E1A374B5ACC}.Release|Any CPU.ActiveCfg = Release|Any CPU
		{6BC0FCEB-56F5-404F-BE7C-5E1A374B5ACC}.Release|Any CPU.Build.0 = Release|Any CPU
		{1C3875B1-0639-4A0F-9CEA-3E35621B59CB}.Debug|Any CPU.ActiveCfg = Debug|Any CPU
		{1C3875B1-0639-4A0F-9CEA-3E35621B59CB}.Debug|Any CPU.Build.0 = Debug|Any CPU
		{1C3875B1-0639-4A0F-9CEA-3E35621B59CB}.Release|Any CPU.ActiveCfg = Release|Any CPU
		{1C3875B1-0639-4A0F-9CEA-3E35621B59CB}.Release|Any CPU.Build.0 = Release|Any CPU
		{9253DAA6-0DA1-40CC-820F-85479F2DE8A3}.Debug|Any CPU.ActiveCfg = Debug|Any CPU
		{9253DAA6-0DA1-40CC-820F-85479F2DE8A3}.Debug|Any CPU.Build.0 = Debug|Any CPU
		{9253DAA6-0DA1-40CC-820F-85479F2DE8A3}.Release|Any CPU.ActiveCfg = Release|Any CPU
		{9253DAA6-0DA1-40CC-820F-85479F2DE8A3}.Release|Any CPU.Build.0 = Release|Any CPU
		{09457767-DD6C-43CE-8460-946CC2E71021}.Debug|Any CPU.ActiveCfg = Debug|Any CPU
		{09457767-DD6C-43CE-8460-946CC2E71021}.Debug|Any CPU.Build.0 = Debug|Any CPU
		{09457767-DD6C-43CE-8460-946CC2E71021}.Release|Any CPU.ActiveCfg = Release|Any CPU
		{09457767-DD6C-43CE-8460-946CC2E71021}.Release|Any CPU.Build.0 = Release|Any CPU
		{ADC99257-2401-4857-8C2E-982D58ED78F5}.Debug|Any CPU.ActiveCfg = Debug|Any CPU
		{ADC99257-2401-4857-8C2E-982D58ED78F5}.Debug|Any CPU.Build.0 = Debug|Any CPU
		{ADC99257-2401-4857-8C2E-982D58ED78F5}.Release|Any CPU.ActiveCfg = Release|Any CPU
		{ADC99257-2401-4857-8C2E-982D58ED78F5}.Release|Any CPU.Build.0 = Release|Any CPU
		{287960B3-43E3-4450-8DBE-EED08ABF2963}.Debug|Any CPU.ActiveCfg = Debug|Any CPU
		{287960B3-43E3-4450-8DBE-EED08ABF2963}.Debug|Any CPU.Build.0 = Debug|Any CPU
		{287960B3-43E3-4450-8DBE-EED08ABF2963}.Release|Any CPU.ActiveCfg = Release|Any CPU
		{287960B3-43E3-4450-8DBE-EED08ABF2963}.Release|Any CPU.Build.0 = Release|Any CPU
		{B8908B7A-56CE-418C-88DD-A006C1FE3BC9}.Debug|Any CPU.ActiveCfg = Debug|Any CPU
		{B8908B7A-56CE-418C-88DD-A006C1FE3BC9}.Debug|Any CPU.Build.0 = Debug|Any CPU
		{B8908B7A-56CE-418C-88DD-A006C1FE3BC9}.Release|Any CPU.ActiveCfg = Release|Any CPU
		{B8908B7A-56CE-418C-88DD-A006C1FE3BC9}.Release|Any CPU.Build.0 = Release|Any CPU
		{C799FA1F-50F3-4973-ACE6-EF612ABC6CDD}.Debug|Any CPU.ActiveCfg = Debug|Any CPU
		{C799FA1F-50F3-4973-ACE6-EF612ABC6CDD}.Debug|Any CPU.Build.0 = Debug|Any CPU
		{C799FA1F-50F3-4973-ACE6-EF612ABC6CDD}.Release|Any CPU.ActiveCfg = Release|Any CPU
		{C799FA1F-50F3-4973-ACE6-EF612ABC6CDD}.Release|Any CPU.Build.0 = Release|Any CPU
		{BC2EE129-80B5-4329-9854-F2203EB93502}.Debug|Any CPU.ActiveCfg = Debug|Any CPU
		{BC2EE129-80B5-4329-9854-F2203EB93502}.Debug|Any CPU.Build.0 = Debug|Any CPU
		{BC2EE129-80B5-4329-9854-F2203EB93502}.Release|Any CPU.ActiveCfg = Release|Any CPU
		{BC2EE129-80B5-4329-9854-F2203EB93502}.Release|Any CPU.Build.0 = Release|Any CPU
		{74CB20A4-A37D-45B1-990F-37A66F3F2A1A}.Debug|Any CPU.ActiveCfg = Debug|Any CPU
		{74CB20A4-A37D-45B1-990F-37A66F3F2A1A}.Debug|Any CPU.Build.0 = Debug|Any CPU
		{74CB20A4-A37D-45B1-990F-37A66F3F2A1A}.Release|Any CPU.ActiveCfg = Release|Any CPU
		{74CB20A4-A37D-45B1-990F-37A66F3F2A1A}.Release|Any CPU.Build.0 = Release|Any CPU
		{9B6B52E5-3C62-44A4-986E-1BAC6C9A7059}.Debug|Any CPU.ActiveCfg = Debug|Any CPU
		{9B6B52E5-3C62-44A4-986E-1BAC6C9A7059}.Debug|Any CPU.Build.0 = Debug|Any CPU
		{9B6B52E5-3C62-44A4-986E-1BAC6C9A7059}.Release|Any CPU.ActiveCfg = Release|Any CPU
		{9B6B52E5-3C62-44A4-986E-1BAC6C9A7059}.Release|Any CPU.Build.0 = Release|Any CPU
		{DA70273B-908A-4067-A801-18B1C0C7F2D3}.Debug|Any CPU.ActiveCfg = Debug|Any CPU
		{DA70273B-908A-4067-A801-18B1C0C7F2D3}.Debug|Any CPU.Build.0 = Debug|Any CPU
		{DA70273B-908A-4067-A801-18B1C0C7F2D3}.Release|Any CPU.ActiveCfg = Release|Any CPU
		{DA70273B-908A-4067-A801-18B1C0C7F2D3}.Release|Any CPU.Build.0 = Release|Any CPU
		{B5BC0E0E-2945-474D-81B6-02B1F0807348}.Debug|Any CPU.ActiveCfg = Debug|Any CPU
		{B5BC0E0E-2945-474D-81B6-02B1F0807348}.Debug|Any CPU.Build.0 = Debug|Any CPU
		{B5BC0E0E-2945-474D-81B6-02B1F0807348}.Release|Any CPU.ActiveCfg = Release|Any CPU
		{B5BC0E0E-2945-474D-81B6-02B1F0807348}.Release|Any CPU.Build.0 = Release|Any CPU
		{CBC7DD93-834F-406C-8249-5AAEF612C343}.Debug|Any CPU.ActiveCfg = Debug|Any CPU
		{CBC7DD93-834F-406C-8249-5AAEF612C343}.Debug|Any CPU.Build.0 = Debug|Any CPU
		{CBC7DD93-834F-406C-8249-5AAEF612C343}.Release|Any CPU.ActiveCfg = Release|Any CPU
		{CBC7DD93-834F-406C-8249-5AAEF612C343}.Release|Any CPU.Build.0 = Release|Any CPU
		{7D4DC9ED-3C64-4A58-AE1B-E28B449BDAE5}.Debug|Any CPU.ActiveCfg = Debug|Any CPU
		{7D4DC9ED-3C64-4A58-AE1B-E28B449BDAE5}.Debug|Any CPU.Build.0 = Debug|Any CPU
		{7D4DC9ED-3C64-4A58-AE1B-E28B449BDAE5}.Release|Any CPU.ActiveCfg = Release|Any CPU
		{7D4DC9ED-3C64-4A58-AE1B-E28B449BDAE5}.Release|Any CPU.Build.0 = Release|Any CPU
	EndGlobalSection
	GlobalSection(SolutionProperties) = preSolution
		HideSolutionNode = FALSE
	EndGlobalSection
	GlobalSection(NestedProjects) = preSolution
		{CEF12833-7919-4A18-9285-7E9E00EA509A} = {FD8BACEB-C7AF-4141-B862-2ED5AF9F069A}
		{EF33BFDD-D536-4A41-8D8D-86CD1C89CB0A} = {FD8BACEB-C7AF-4141-B862-2ED5AF9F069A}
		{0DA701DC-48E9-4CA5-B0EB-3B068F2256E7} = {13780DCC-423E-432F-B2EB-89EA7BCF22DA}
		{6BC0FCEB-56F5-404F-BE7C-5E1A374B5ACC} = {C98BD67D-FEC1-416C-9A96-3A9C9437CDD3}
		{1C3875B1-0639-4A0F-9CEA-3E35621B59CB} = {FD8BACEB-C7AF-4141-B862-2ED5AF9F069A}
		{9253DAA6-0DA1-40CC-820F-85479F2DE8A3} = {FD8BACEB-C7AF-4141-B862-2ED5AF9F069A}
		{09457767-DD6C-43CE-8460-946CC2E71021} = {FD8BACEB-C7AF-4141-B862-2ED5AF9F069A}
		{ADC99257-2401-4857-8C2E-982D58ED78F5} = {C98BD67D-FEC1-416C-9A96-3A9C9437CDD3}
		{11EEBDB9-5ECC-4712-9AAA-E35C999C3122} = {FD8BACEB-C7AF-4141-B862-2ED5AF9F069A}
		{287960B3-43E3-4450-8DBE-EED08ABF2963} = {11EEBDB9-5ECC-4712-9AAA-E35C999C3122}
		{B8908B7A-56CE-418C-88DD-A006C1FE3BC9} = {11EEBDB9-5ECC-4712-9AAA-E35C999C3122}
		{C799FA1F-50F3-4973-ACE6-EF612ABC6CDD} = {11EEBDB9-5ECC-4712-9AAA-E35C999C3122}
		{BC2EE129-80B5-4329-9854-F2203EB93502} = {11EEBDB9-5ECC-4712-9AAA-E35C999C3122}
		{74CB20A4-A37D-45B1-990F-37A66F3F2A1A} = {11EEBDB9-5ECC-4712-9AAA-E35C999C3122}
		{DA70273B-908A-4067-A801-18B1C0C7F2D3} = {FD8BACEB-C7AF-4141-B862-2ED5AF9F069A}
		{B5BC0E0E-2945-474D-81B6-02B1F0807348} = {FD8BACEB-C7AF-4141-B862-2ED5AF9F069A}
	EndGlobalSection
	GlobalSection(ExtensibilityGlobals) = postSolution
		SolutionGuid = {5FA37BBD-5115-450A-BF7A-68279FFDF24C}
	EndGlobalSection
EndGlobal
