
Microsoft Visual Studio Solution File, Format Version 12.00
# Visual Studio Version 16
VisualStudioVersion = 16.0.29709.97
MinimumVisualStudioVersion = 10.0.40219.1
Project("{2150E333-8FDC-42A3-9474-1A3956D46DE8}") = "01-Framework(基础层)", "01-Framework(基础层)", "{475824EA-82DB-4F8E-BFAE-F8DBD539C919}"
EndProject
Project("{2150E333-8FDC-42A3-9474-1A3956D46DE8}") = "02-DataAccess(数据层)", "02-DataAccess(数据层)", "{187C1AA3-902C-4405-A793-E2EA1C27897C}"
EndProject
Project("{2150E333-8FDC-42A3-9474-1A3956D46DE8}") = "03-Business(业务层)", "03-Business(业务层)", "{2BC43A01-9C1D-4A14-8E29-A06667D1B647}"
EndProject
Project("{2150E333-8FDC-42A3-9474-1A3956D46DE8}") = "04-Entity(实体层)", "04-Entity(实体层)", "{52722B41-0B16-4A9A-9636-EBDF89697FB3}"
EndProject
Project("{2150E333-8FDC-42A3-9474-1A3956D46DE8}") = "05-Web(展示层)", "05-Web(展示层)", "{FFB4E0CB-23CA-42B2-B6C8-9EC14B225038}"
EndProject
Project("{2150E333-8FDC-42A3-9474-1A3956D46DE8}") = "Cache数据缓存接口", "Cache数据缓存接口", "{4C95AEE9-DCE4-4475-AD9A-AD3B5ED6A558}"
EndProject
Project("{9A19103F-16F7-4668-BE54-9A1E7A4F7556}") = "Caist.Framework.Factory", "Caist.Framework.Factory\Caist.Framework.Factory.csproj", "{F89F2538-B54A-42FF-ACAD-C33101F7CFBF}"
EndProject
Project("{9A19103F-16F7-4668-BE54-9A1E7A4F7556}") = "Caist.Framework.Interface", "Caist.Framework.Interface\Caist.Framework.Interface.csproj", "{6396F85A-FAF9-4651-A72C-4277BB36DBAA}"
EndProject
Project("{9A19103F-16F7-4668-BE54-9A1E7A4F7556}") = "Caist.Framework.MemoryCache", "Caist.Framework.MemoryCache\Caist.Framework.MemoryCache.csproj", "{593C0E61-EC96-45D3-BDC7-FF2ECFD97852}"
EndProject
Project("{9A19103F-16F7-4668-BE54-9A1E7A4F7556}") = "Caist.Framework.CodeGenerator", "Caist.Framework.CodeGenerator\Caist.Framework.CodeGenerator.csproj", "{4339D894-7C7A-4259-AA06-AF79414C58DB}"
EndProject
Project("{9A19103F-16F7-4668-BE54-9A1E7A4F7556}") = "Caist.Framework.IdGenerator", "Caist.Framework.IdGenerator\Caist.Framework.IdGenerator.csproj", "{A19BD1E0-2630-470B-B6AA-5A1762AB41B1}"
EndProject
Project("{9A19103F-16F7-4668-BE54-9A1E7A4F7556}") = "Caist.Framework.Util", "Caist.Framework.Util\Caist.Framework.Util.csproj", "{9CD93686-6BDF-4612-8C6D-F0E6AB86C589}"
EndProject
Project("{9A19103F-16F7-4668-BE54-9A1E7A4F7556}") = "Caist.Framework.Data", "Caist.Framework.Data\Caist.Framework.Data.csproj", "{F1B0C9F6-F638-43BA-B062-6B3E0F1E8B8A}"
EndProject
Project("{9A19103F-16F7-4668-BE54-9A1E7A4F7556}") = "Caist.Framework.Data.EF", "Caist.Framework.Data.EF\Caist.Framework.Data.EF.csproj", "{4299CF7E-2648-49F3-8C13-DDD0C92C30B6}"
EndProject
Project("{9A19103F-16F7-4668-BE54-9A1E7A4F7556}") = "Caist.Framework.Data.Repository", "Caist.Framework.Data.Repository\Caist.Framework.Data.Repository.csproj", "{45DD198C-FEB2-413B-98A7-69F3B79A0ADA}"
EndProject
Project("{9A19103F-16F7-4668-BE54-9A1E7A4F7556}") = "Caist.Framework.Business", "Caist.Framework.Business\Caist.Framework.Business.csproj", "{DBE9D25B-F364-4199-8B38-68BA3C241B90}"
EndProject
Project("{9A19103F-16F7-4668-BE54-9A1E7A4F7556}") = "Caist.Framework.Business.AutoJob", "Caist.Framework.Business.AutoJob\Caist.Framework.Business.AutoJob.csproj", "{4ED771FE-BE7E-4AC5-ABE7-BE51D822BBDC}"
EndProject
Project("{9A19103F-16F7-4668-BE54-9A1E7A4F7556}") = "Caist.Framework.Service", "Caist.Framework.Service\Caist.Framework.Service.csproj", "{A95BCDDD-DD22-47B2-B087-F1823BB7E3C8}"
EndProject
Project("{9A19103F-16F7-4668-BE54-9A1E7A4F7556}") = "Caist.Framework.Entity", "Caist.Framework.Entity\Caist.Framework.Entity.csproj", "{297E793F-AB08-4372-BECD-E86E5C8A60B6}"
EndProject
Project("{9A19103F-16F7-4668-BE54-9A1E7A4F7556}") = "Caist.Framework.Enum", "Caist.Framework.Enum\Caist.Framework.Enum.csproj", "{39B7E277-444F-4632-BFBC-65B464A5BBBD}"
EndProject
Project("{9A19103F-16F7-4668-BE54-9A1E7A4F7556}") = "Caist.Framework.Model", "Caist.Framework.Model\Caist.Framework.Model.csproj", "{7AF6F86C-C2FB-4C12-8782-B06135927EB6}"
EndProject
Project("{9A19103F-16F7-4668-BE54-9A1E7A4F7556}") = "Caist.Framework.Cache", "Caist.Framework.Cache\Caist.Framework.Cache.csproj", "{B652051C-10C0-489B-9A96-1105CFD7D6FB}"
EndProject
Project("{9A19103F-16F7-4668-BE54-9A1E7A4F7556}") = "Caist.Framework.Web.Code", "Caist.Framework.Web.Code\Caist.Framework.Web.Code.csproj", "{21235E16-A706-46EB-BFFF-C716BC6E167E}"
EndProject
Project("{9A19103F-16F7-4668-BE54-9A1E7A4F7556}") = "Caist.Framework.Web", "Caist.Framework.Web\Caist.Framework.Web.csproj", "{F74C6AD0-D4F0-47C4-A474-749BA4CF493D}"
EndProject
Project("{9A19103F-16F7-4668-BE54-9A1E7A4F7556}") = "Caist.Framework.Mqtt", "Caist.Framework.Mqtt\Caist.Framework.Mqtt.csproj", "{2A744916-709D-4D3A-BE2A-D39DB5E67D1E}"
EndProject
Project("{2150E333-8FDC-42A3-9474-1A3956D46DE8}") = "06-Test(测试层)", "06-Test(测试层)", "{70E7A50A-9980-409B-943B-27A5E1274390}"
EndProject
Project("{9A19103F-16F7-4668-BE54-9A1E7A4F7556}") = "Caist.Framework.Test", "Caist.Framework.Test\Caist.Framework.Test.csproj", "{AD749540-DD47-4A36-96E8-790C1A838D3D}"
EndProject
Project("{9A19103F-16F7-4668-BE54-9A1E7A4F7556}") = "Caist.Framework.Plc", "Caist.Framework.Plc\Caist.Framework.Plc.csproj", "{D0045D24-AAD0-4875-822C-DAF243AD06A8}"
EndProject
Project("{2150E333-8FDC-42A3-9474-1A3956D46DE8}") = "07-Service(服务端)", "07-Service(服务端)", "{11A6BDEE-D619-4F12-A171-17BB5B5978FE}"
EndProject
Project("{9A19103F-16F7-4668-BE54-9A1E7A4F7556}") = "Caist.Framework.WebService", "Caist.Framework.WebService\Caist.Framework.WebService.csproj", "{952388FF-E27E-465C-BA4F-FD2405FC60D5}"
EndProject
Project("{2150E333-8FDC-42A3-9474-1A3956D46DE8}") = "08-WebApi(Api层)", "08-WebApi(Api层)", "{C8D4D68F-226E-4E5C-8EB6-3A0EDC6DFF02}"
EndProject
Project("{9A19103F-16F7-4668-BE54-9A1E7A4F7556}") = "Caist.Framework.WebApi", "Caist.Framework.WebApi\Caist.Framework.WebApi.csproj", "{AD7DC48F-BFBC-4BB4-822C-38EC0F275667}"
EndProject
Global
	GlobalSection(SolutionConfigurationPlatforms) = preSolution
		Debug|Any CPU = Debug|Any CPU
		Release|Any CPU = Release|Any CPU
	EndGlobalSection
	GlobalSection(ProjectConfigurationPlatforms) = postSolution
		{F89F2538-B54A-42FF-ACAD-C33101F7CFBF}.Debug|Any CPU.ActiveCfg = Debug|Any CPU
		{F89F2538-B54A-42FF-ACAD-C33101F7CFBF}.Debug|Any CPU.Build.0 = Debug|Any CPU
		{F89F2538-B54A-42FF-ACAD-C33101F7CFBF}.Release|Any CPU.ActiveCfg = Release|Any CPU
		{F89F2538-B54A-42FF-ACAD-C33101F7CFBF}.Release|Any CPU.Build.0 = Release|Any CPU
		{6396F85A-FAF9-4651-A72C-4277BB36DBAA}.Debug|Any CPU.ActiveCfg = Debug|Any CPU
		{6396F85A-FAF9-4651-A72C-4277BB36DBAA}.Debug|Any CPU.Build.0 = Debug|Any CPU
		{6396F85A-FAF9-4651-A72C-4277BB36DBAA}.Release|Any CPU.ActiveCfg = Release|Any CPU
		{6396F85A-FAF9-4651-A72C-4277BB36DBAA}.Release|Any CPU.Build.0 = Release|Any CPU
		{593C0E61-EC96-45D3-BDC7-FF2ECFD97852}.Debug|Any CPU.ActiveCfg = Debug|Any CPU
		{593C0E61-EC96-45D3-BDC7-FF2ECFD97852}.Debug|Any CPU.Build.0 = Debug|Any CPU
		{593C0E61-EC96-45D3-BDC7-FF2ECFD97852}.Release|Any CPU.ActiveCfg = Release|Any CPU
		{593C0E61-EC96-45D3-BDC7-FF2ECFD97852}.Release|Any CPU.Build.0 = Release|Any CPU
		{4339D894-7C7A-4259-AA06-AF79414C58DB}.Debug|Any CPU.ActiveCfg = Debug|Any CPU
		{4339D894-7C7A-4259-AA06-AF79414C58DB}.Debug|Any CPU.Build.0 = Debug|Any CPU
		{4339D894-7C7A-4259-AA06-AF79414C58DB}.Release|Any CPU.ActiveCfg = Release|Any CPU
		{4339D894-7C7A-4259-AA06-AF79414C58DB}.Release|Any CPU.Build.0 = Release|Any CPU
		{A19BD1E0-2630-470B-B6AA-5A1762AB41B1}.Debug|Any CPU.ActiveCfg = Debug|Any CPU
		{A19BD1E0-2630-470B-B6AA-5A1762AB41B1}.Debug|Any CPU.Build.0 = Debug|Any CPU
		{A19BD1E0-2630-470B-B6AA-5A1762AB41B1}.Release|Any CPU.ActiveCfg = Release|Any CPU
		{A19BD1E0-2630-470B-B6AA-5A1762AB41B1}.Release|Any CPU.Build.0 = Release|Any CPU
		{9CD93686-6BDF-4612-8C6D-F0E6AB86C589}.Debug|Any CPU.ActiveCfg = Debug|Any CPU
		{9CD93686-6BDF-4612-8C6D-F0E6AB86C589}.Debug|Any CPU.Build.0 = Debug|Any CPU
		{9CD93686-6BDF-4612-8C6D-F0E6AB86C589}.Release|Any CPU.ActiveCfg = Release|Any CPU
		{9CD93686-6BDF-4612-8C6D-F0E6AB86C589}.Release|Any CPU.Build.0 = Release|Any CPU
		{F1B0C9F6-F638-43BA-B062-6B3E0F1E8B8A}.Debug|Any CPU.ActiveCfg = Debug|Any CPU
		{F1B0C9F6-F638-43BA-B062-6B3E0F1E8B8A}.Debug|Any CPU.Build.0 = Debug|Any CPU
		{F1B0C9F6-F638-43BA-B062-6B3E0F1E8B8A}.Release|Any CPU.ActiveCfg = Release|Any CPU
		{F1B0C9F6-F638-43BA-B062-6B3E0F1E8B8A}.Release|Any CPU.Build.0 = Release|Any CPU
		{4299CF7E-2648-49F3-8C13-DDD0C92C30B6}.Debug|Any CPU.ActiveCfg = Debug|Any CPU
		{4299CF7E-2648-49F3-8C13-DDD0C92C30B6}.Debug|Any CPU.Build.0 = Debug|Any CPU
		{4299CF7E-2648-49F3-8C13-DDD0C92C30B6}.Release|Any CPU.ActiveCfg = Release|Any CPU
		{4299CF7E-2648-49F3-8C13-DDD0C92C30B6}.Release|Any CPU.Build.0 = Release|Any CPU
		{45DD198C-FEB2-413B-98A7-69F3B79A0ADA}.Debug|Any CPU.ActiveCfg = Debug|Any CPU
		{45DD198C-FEB2-413B-98A7-69F3B79A0ADA}.Debug|Any CPU.Build.0 = Debug|Any CPU
		{45DD198C-FEB2-413B-98A7-69F3B79A0ADA}.Release|Any CPU.ActiveCfg = Release|Any CPU
		{45DD198C-FEB2-413B-98A7-69F3B79A0ADA}.Release|Any CPU.Build.0 = Release|Any CPU
		{DBE9D25B-F364-4199-8B38-68BA3C241B90}.Debug|Any CPU.ActiveCfg = Debug|Any CPU
		{DBE9D25B-F364-4199-8B38-68BA3C241B90}.Debug|Any CPU.Build.0 = Debug|Any CPU
		{DBE9D25B-F364-4199-8B38-68BA3C241B90}.Release|Any CPU.ActiveCfg = Release|Any CPU
		{DBE9D25B-F364-4199-8B38-68BA3C241B90}.Release|Any CPU.Build.0 = Release|Any CPU
		{4ED771FE-BE7E-4AC5-ABE7-BE51D822BBDC}.Debug|Any CPU.ActiveCfg = Debug|Any CPU
		{4ED771FE-BE7E-4AC5-ABE7-BE51D822BBDC}.Debug|Any CPU.Build.0 = Debug|Any CPU
		{4ED771FE-BE7E-4AC5-ABE7-BE51D822BBDC}.Release|Any CPU.ActiveCfg = Release|Any CPU
		{4ED771FE-BE7E-4AC5-ABE7-BE51D822BBDC}.Release|Any CPU.Build.0 = Release|Any CPU
		{A95BCDDD-DD22-47B2-B087-F1823BB7E3C8}.Debug|Any CPU.ActiveCfg = Debug|Any CPU
		{A95BCDDD-DD22-47B2-B087-F1823BB7E3C8}.Debug|Any CPU.Build.0 = Debug|Any CPU
		{A95BCDDD-DD22-47B2-B087-F1823BB7E3C8}.Release|Any CPU.ActiveCfg = Release|Any CPU
		{A95BCDDD-DD22-47B2-B087-F1823BB7E3C8}.Release|Any CPU.Build.0 = Release|Any CPU
		{297E793F-AB08-4372-BECD-E86E5C8A60B6}.Debug|Any CPU.ActiveCfg = Debug|Any CPU
		{297E793F-AB08-4372-BECD-E86E5C8A60B6}.Debug|Any CPU.Build.0 = Debug|Any CPU
		{297E793F-AB08-4372-BECD-E86E5C8A60B6}.Release|Any CPU.ActiveCfg = Release|Any CPU
		{297E793F-AB08-4372-BECD-E86E5C8A60B6}.Release|Any CPU.Build.0 = Release|Any CPU
		{39B7E277-444F-4632-BFBC-65B464A5BBBD}.Debug|Any CPU.ActiveCfg = Debug|Any CPU
		{39B7E277-444F-4632-BFBC-65B464A5BBBD}.Debug|Any CPU.Build.0 = Debug|Any CPU
		{39B7E277-444F-4632-BFBC-65B464A5BBBD}.Release|Any CPU.ActiveCfg = Release|Any CPU
		{39B7E277-444F-4632-BFBC-65B464A5BBBD}.Release|Any CPU.Build.0 = Release|Any CPU
		{7AF6F86C-C2FB-4C12-8782-B06135927EB6}.Debug|Any CPU.ActiveCfg = Debug|Any CPU
		{7AF6F86C-C2FB-4C12-8782-B06135927EB6}.Debug|Any CPU.Build.0 = Debug|Any CPU
		{7AF6F86C-C2FB-4C12-8782-B06135927EB6}.Release|Any CPU.ActiveCfg = Release|Any CPU
		{7AF6F86C-C2FB-4C12-8782-B06135927EB6}.Release|Any CPU.Build.0 = Release|Any CPU
		{B652051C-10C0-489B-9A96-1105CFD7D6FB}.Debug|Any CPU.ActiveCfg = Debug|Any CPU
		{B652051C-10C0-489B-9A96-1105CFD7D6FB}.Debug|Any CPU.Build.0 = Debug|Any CPU
		{B652051C-10C0-489B-9A96-1105CFD7D6FB}.Release|Any CPU.ActiveCfg = Release|Any CPU
		{B652051C-10C0-489B-9A96-1105CFD7D6FB}.Release|Any CPU.Build.0 = Release|Any CPU
		{21235E16-A706-46EB-BFFF-C716BC6E167E}.Debug|Any CPU.ActiveCfg = Debug|Any CPU
		{21235E16-A706-46EB-BFFF-C716BC6E167E}.Debug|Any CPU.Build.0 = Debug|Any CPU
		{21235E16-A706-46EB-BFFF-C716BC6E167E}.Release|Any CPU.ActiveCfg = Release|Any CPU
		{21235E16-A706-46EB-BFFF-C716BC6E167E}.Release|Any CPU.Build.0 = Release|Any CPU
		{F74C6AD0-D4F0-47C4-A474-749BA4CF493D}.Debug|Any CPU.ActiveCfg = Debug|Any CPU
		{F74C6AD0-D4F0-47C4-A474-749BA4CF493D}.Debug|Any CPU.Build.0 = Debug|Any CPU
		{F74C6AD0-D4F0-47C4-A474-749BA4CF493D}.Release|Any CPU.ActiveCfg = Release|Any CPU
		{F74C6AD0-D4F0-47C4-A474-749BA4CF493D}.Release|Any CPU.Build.0 = Release|Any CPU
		{2A744916-709D-4D3A-BE2A-D39DB5E67D1E}.Debug|Any CPU.ActiveCfg = Debug|Any CPU
		{2A744916-709D-4D3A-BE2A-D39DB5E67D1E}.Debug|Any CPU.Build.0 = Debug|Any CPU
		{2A744916-709D-4D3A-BE2A-D39DB5E67D1E}.Release|Any CPU.ActiveCfg = Release|Any CPU
		{2A744916-709D-4D3A-BE2A-D39DB5E67D1E}.Release|Any CPU.Build.0 = Release|Any CPU
		{AD749540-DD47-4A36-96E8-790C1A838D3D}.Debug|Any CPU.ActiveCfg = Debug|Any CPU
		{AD749540-DD47-4A36-96E8-790C1A838D3D}.Debug|Any CPU.Build.0 = Debug|Any CPU
		{AD749540-DD47-4A36-96E8-790C1A838D3D}.Release|Any CPU.ActiveCfg = Release|Any CPU
		{AD749540-DD47-4A36-96E8-790C1A838D3D}.Release|Any CPU.Build.0 = Release|Any CPU
		{D0045D24-AAD0-4875-822C-DAF243AD06A8}.Debug|Any CPU.ActiveCfg = Debug|Any CPU
		{D0045D24-AAD0-4875-822C-DAF243AD06A8}.Debug|Any CPU.Build.0 = Debug|Any CPU
		{D0045D24-AAD0-4875-822C-DAF243AD06A8}.Release|Any CPU.ActiveCfg = Release|Any CPU
		{D0045D24-AAD0-4875-822C-DAF243AD06A8}.Release|Any CPU.Build.0 = Release|Any CPU
		{952388FF-E27E-465C-BA4F-FD2405FC60D5}.Debug|Any CPU.ActiveCfg = Debug|Any CPU
		{952388FF-E27E-465C-BA4F-FD2405FC60D5}.Debug|Any CPU.Build.0 = Debug|Any CPU
		{952388FF-E27E-465C-BA4F-FD2405FC60D5}.Release|Any CPU.ActiveCfg = Release|Any CPU
		{952388FF-E27E-465C-BA4F-FD2405FC60D5}.Release|Any CPU.Build.0 = Release|Any CPU
		{AD7DC48F-BFBC-4BB4-822C-38EC0F275667}.Debug|Any CPU.ActiveCfg = Debug|Any CPU
		{AD7DC48F-BFBC-4BB4-822C-38EC0F275667}.Debug|Any CPU.Build.0 = Debug|Any CPU
		{AD7DC48F-BFBC-4BB4-822C-38EC0F275667}.Release|Any CPU.ActiveCfg = Release|Any CPU
		{AD7DC48F-BFBC-4BB4-822C-38EC0F275667}.Release|Any CPU.Build.0 = Release|Any CPU
	EndGlobalSection
	GlobalSection(SolutionProperties) = preSolution
		HideSolutionNode = FALSE
	EndGlobalSection
	GlobalSection(NestedProjects) = preSolution
		{4C95AEE9-DCE4-4475-AD9A-AD3B5ED6A558} = {475824EA-82DB-4F8E-BFAE-F8DBD539C919}
		{F89F2538-B54A-42FF-ACAD-C33101F7CFBF} = {4C95AEE9-DCE4-4475-AD9A-AD3B5ED6A558}
		{6396F85A-FAF9-4651-A72C-4277BB36DBAA} = {4C95AEE9-DCE4-4475-AD9A-AD3B5ED6A558}
		{593C0E61-EC96-45D3-BDC7-FF2ECFD97852} = {4C95AEE9-DCE4-4475-AD9A-AD3B5ED6A558}
		{4339D894-7C7A-4259-AA06-AF79414C58DB} = {475824EA-82DB-4F8E-BFAE-F8DBD539C919}
		{A19BD1E0-2630-470B-B6AA-5A1762AB41B1} = {475824EA-82DB-4F8E-BFAE-F8DBD539C919}
		{9CD93686-6BDF-4612-8C6D-F0E6AB86C589} = {475824EA-82DB-4F8E-BFAE-F8DBD539C919}
		{F1B0C9F6-F638-43BA-B062-6B3E0F1E8B8A} = {187C1AA3-902C-4405-A793-E2EA1C27897C}
		{4299CF7E-2648-49F3-8C13-DDD0C92C30B6} = {187C1AA3-902C-4405-A793-E2EA1C27897C}
		{45DD198C-FEB2-413B-98A7-69F3B79A0ADA} = {187C1AA3-902C-4405-A793-E2EA1C27897C}
		{DBE9D25B-F364-4199-8B38-68BA3C241B90} = {2BC43A01-9C1D-4A14-8E29-A06667D1B647}
		{4ED771FE-BE7E-4AC5-ABE7-BE51D822BBDC} = {2BC43A01-9C1D-4A14-8E29-A06667D1B647}
		{A95BCDDD-DD22-47B2-B087-F1823BB7E3C8} = {2BC43A01-9C1D-4A14-8E29-A06667D1B647}
		{297E793F-AB08-4372-BECD-E86E5C8A60B6} = {52722B41-0B16-4A9A-9636-EBDF89697FB3}
		{39B7E277-444F-4632-BFBC-65B464A5BBBD} = {52722B41-0B16-4A9A-9636-EBDF89697FB3}
		{7AF6F86C-C2FB-4C12-8782-B06135927EB6} = {52722B41-0B16-4A9A-9636-EBDF89697FB3}
		{B652051C-10C0-489B-9A96-1105CFD7D6FB} = {2BC43A01-9C1D-4A14-8E29-A06667D1B647}
		{21235E16-A706-46EB-BFFF-C716BC6E167E} = {52722B41-0B16-4A9A-9636-EBDF89697FB3}
		{F74C6AD0-D4F0-47C4-A474-749BA4CF493D} = {FFB4E0CB-23CA-42B2-B6C8-9EC14B225038}
		{2A744916-709D-4D3A-BE2A-D39DB5E67D1E} = {475824EA-82DB-4F8E-BFAE-F8DBD539C919}
		{AD749540-DD47-4A36-96E8-790C1A838D3D} = {70E7A50A-9980-409B-943B-27A5E1274390}
		{D0045D24-AAD0-4875-822C-DAF243AD06A8} = {475824EA-82DB-4F8E-BFAE-F8DBD539C919}
		{952388FF-E27E-465C-BA4F-FD2405FC60D5} = {11A6BDEE-D619-4F12-A171-17BB5B5978FE}
		{AD7DC48F-BFBC-4BB4-822C-38EC0F275667} = {C8D4D68F-226E-4E5C-8EB6-3A0EDC6DFF02}
	EndGlobalSection
	GlobalSection(ExtensibilityGlobals) = postSolution
		SolutionGuid = {824C5F4F-41C5-4117-83EB-C44E99B1AFC7}
	EndGlobalSection
	GlobalSection(SubversionScc) = preSolution
		Svn-Managed = True
		Manager = AnkhSVN2019 - Subversion Support for Visual Studio
	EndGlobalSection
EndGlobal
