
Microsoft Visual Studio Solution File, Format Version 12.00
# Visual Studio 15
VisualStudioVersion = 15.0.27130.0
MinimumVisualStudioVersion = 10.0.40219.1
Project("{FAE04EC0-301F-11D3-BF4B-00C04F79EFBC}") = "S7_1500_Test", "WindowsFormsApp1\S7_1500_Test.csproj", "{FE79BE4E-6FE0-4670-9518-5E4FCC2879B1}"
EndProject
Global
	GlobalSection(SolutionConfigurationPlatforms) = preSolution
		Debug|Any CPU = Debug|Any CPU
		Release|Any CPU = Release|Any CPU
	EndGlobalSection
	GlobalSection(ProjectConfigurationPlatforms) = postSolution
		{FE79BE4E-6FE0-4670-9518-5E4FCC2879B1}.Debug|Any CPU.ActiveCfg = Debug|Any CPU
		{FE79BE4E-6FE0-4670-9518-5E4FCC2879B1}.Debug|Any CPU.Build.0 = Debug|Any CPU
		{FE79BE4E-6FE0-4670-9518-5E4FCC2879B1}.Release|Any CPU.ActiveCfg = Release|Any CPU
		{FE79BE4E-6FE0-4670-9518-5E4FCC2879B1}.Release|Any CPU.Build.0 = Release|Any CPU
	EndGlobalSection
	GlobalSection(SolutionProperties) = preSolution
		HideSolutionNode = FALSE
	EndGlobalSection
	GlobalSection(ExtensibilityGlobals) = postSolution
		SolutionGuid = {5C93978A-BD20-45E4-9092-9918222542A8}
	EndGlobalSection
EndGlobal
