
Microsoft Visual Studio Solution File, Format Version 12.00
# Visual Studio Version 16
VisualStudioVersion = 16.0.30114.105
MinimumVisualStudioVersion = 10.0.40219.1
Project("{FAE04EC0-301F-11D3-BF4B-00C04F79EFBC}") = "DESEcryptionDemo", "DESEcryptionDemo\DESEcryptionDemo.csproj", "{988AEEDC-7B4D-474F-823C-CEFB2F6FCCF5}"
EndProject
Global
	GlobalSection(SolutionConfigurationPlatforms) = preSolution
		Debug|Any CPU = Debug|Any CPU
		Release|Any CPU = Release|Any CPU
	EndGlobalSection
	GlobalSection(ProjectConfigurationPlatforms) = postSolution
		{988AEEDC-7B4D-474F-823C-CEFB2F6FCCF5}.Debug|Any CPU.ActiveCfg = Debug|Any CPU
		{988AEEDC-7B4D-474F-823C-CEFB2F6FCCF5}.Debug|Any CPU.Build.0 = Debug|Any CPU
		{988AEEDC-7B4D-474F-823C-CEFB2F6FCCF5}.Release|Any CPU.ActiveCfg = Release|Any CPU
		{988AEEDC-7B4D-474F-823C-CEFB2F6FCCF5}.Release|Any CPU.Build.0 = Release|Any CPU
	EndGlobalSection
	GlobalSection(SolutionProperties) = preSolution
		HideSolutionNode = FALSE
	EndGlobalSection
	GlobalSection(ExtensibilityGlobals) = postSolution
		SolutionGuid = {299E1995-B774-49F5-858B-F22F19D550E4}
	EndGlobalSection
EndGlobal
