
Microsoft Visual Studio Solution File, Format Version 12.00
# Visual Studio 15
VisualStudioVersion = 15.0.28307.1062
MinimumVisualStudioVersion = 10.0.40219.1
Project("{9A19103F-16F7-4668-BE54-9A1E7A4F7556}") = "Send", "Send.csproj", "{B52F3AC3-2A1F-4483-91D8-D8653607D647}"
EndProject
Project("{9A19103F-16F7-4668-BE54-9A1E7A4F7556}") = "Receive", "..\Receive\Receive.csproj", "{4C0BF1A5-984A-40D5-BE79-BC1BA74412A4}"
EndProject
Global
	GlobalSection(SolutionConfigurationPlatforms) = preSolution
		Debug|Any CPU = Debug|Any CPU
		Release|Any CPU = Release|Any CPU
	EndGlobalSection
	GlobalSection(ProjectConfigurationPlatforms) = postSolution
		{B52F3AC3-2A1F-4483-91D8-D8653607D647}.Debug|Any CPU.ActiveCfg = Debug|Any CPU
		{B52F3AC3-2A1F-4483-91D8-D8653607D647}.Debug|Any CPU.Build.0 = Debug|Any CPU
		{B52F3AC3-2A1F-4483-91D8-D8653607D647}.Release|Any CPU.ActiveCfg = Release|Any CPU
		{B52F3AC3-2A1F-4483-91D8-D8653607D647}.Release|Any CPU.Build.0 = Release|Any CPU
		{4C0BF1A5-984A-40D5-BE79-BC1BA74412A4}.Debug|Any CPU.ActiveCfg = Debug|Any CPU
		{4C0BF1A5-984A-40D5-BE79-BC1BA74412A4}.Debug|Any CPU.Build.0 = Debug|Any CPU
		{4C0BF1A5-984A-40D5-BE79-BC1BA74412A4}.Release|Any CPU.ActiveCfg = Release|Any CPU
		{4C0BF1A5-984A-40D5-BE79-BC1BA74412A4}.Release|Any CPU.Build.0 = Release|Any CPU
	EndGlobalSection
	GlobalSection(SolutionProperties) = preSolution
		HideSolutionNode = FALSE
	EndGlobalSection
	GlobalSection(ExtensibilityGlobals) = postSolution
		SolutionGuid = {D22AA51A-28D7-42F7-BE5C-08CDC510235F}
	EndGlobalSection
EndGlobal
